
Microsoft Visual Studio Solution File, Format Version 12.00
# Visual Studio Version 17
VisualStudioVersion = 17.1.32421.90
MinimumVisualStudioVersion = 10.0.40219.1
Project("{8BC9CEB8-8B4A-11D0-8D11-00A0C91BC942}") = "PP64Stub", "PP64Stub\PP64Stub.vcxproj", "{AD3A3406-BE90-4DBB-ABED-C411D9D6309D}"
EndProject
Project("{9A19103F-16F7-4668-BE54-9A1E7A4F7556}") = "NETLOADER", "NETLOADER\NETLOADER.csproj", "{A649ACA4-BCD2-49D8-867E-0D80F185B459}"
EndProject
Project("{8BC9CEB8-8B4A-11D0-8D11-00A0C91BC942}") = "NETLOADER_C", "NETLOADER_C\NETLOADER_C.vcxproj", "{28E806E3-A3FE-4866-9AC4-22F6D1801B3E}"
EndProject
Project("{8BC9CEB8-8B4A-11D0-8D11-00A0C91BC942}") = "DirectCode", "DirectCode\DirectCode.vcxproj", "{A1852141-A270-4399-8674-9634D43776EA}"
EndProject
Project("{8BC9CEB8-8B4A-11D0-8D11-00A0C91BC942}") = "Encoder", "Encoder\Encoder.vcxproj", "{9FB99F44-D9F5-4324-812F-353400349160}"
EndProject
Project("{8BC9CEB8-8B4A-11D0-8D11-00A0C91BC942}") = "CustomMimikatz", "CustomMimikatz\CustomMimikatz.vcxproj", "{D1C3F27A-DEE1-4B29-A765-1FC9F4C55617}"
EndProject
Global
	GlobalSection(SolutionConfigurationPlatforms) = preSolution
		Debug|Any CPU = Debug|Any CPU
		Debug|ARM64 = Debug|ARM64
		Debug|x64 = Debug|x64
		Debug|x86 = Debug|x86
		Release|Any CPU = Release|Any CPU
		Release|ARM64 = Release|ARM64
		Release|x64 = Release|x64
		Release|x86 = Release|x86
		Second_Release_PowerShell|Any CPU = Second_Release_PowerShell|Any CPU
		Second_Release_PowerShell|ARM64 = Second_Release_PowerShell|ARM64
		Second_Release_PowerShell|x64 = Second_Release_PowerShell|x64
		Second_Release_PowerShell|x86 = Second_Release_PowerShell|x86
		Simple_DLL|Any CPU = Simple_DLL|Any CPU
		Simple_DLL|ARM64 = Simple_DLL|ARM64
		Simple_DLL|x64 = Simple_DLL|x64
		Simple_DLL|x86 = Simple_DLL|x86
	EndGlobalSection
	GlobalSection(ProjectConfigurationPlatforms) = postSolution
		{AD3A3406-BE90-4DBB-ABED-C411D9D6309D}.Debug|Any CPU.ActiveCfg = Debug|x64
		{AD3A3406-BE90-4DBB-ABED-C411D9D6309D}.Debug|Any CPU.Build.0 = Debug|x64
		{AD3A3406-BE90-4DBB-ABED-C411D9D6309D}.Debug|ARM64.ActiveCfg = Debug|x64
		{AD3A3406-BE90-4DBB-ABED-C411D9D6309D}.Debug|ARM64.Build.0 = Debug|x64
		{AD3A3406-BE90-4DBB-ABED-C411D9D6309D}.Debug|x64.ActiveCfg = Debug|x64
		{AD3A3406-BE90-4DBB-ABED-C411D9D6309D}.Debug|x64.Build.0 = Debug|x64
		{AD3A3406-BE90-4DBB-ABED-C411D9D6309D}.Debug|x86.ActiveCfg = Debug|Win32
		{AD3A3406-BE90-4DBB-ABED-C411D9D6309D}.Debug|x86.Build.0 = Debug|Win32
		{AD3A3406-BE90-4DBB-ABED-C411D9D6309D}.Release|Any CPU.ActiveCfg = Release|x64
		{AD3A3406-BE90-4DBB-ABED-C411D9D6309D}.Release|Any CPU.Build.0 = Release|x64
		{AD3A3406-BE90-4DBB-ABED-C411D9D6309D}.Release|ARM64.ActiveCfg = Release|x64
		{AD3A3406-BE90-4DBB-ABED-C411D9D6309D}.Release|ARM64.Build.0 = Release|x64
		{AD3A3406-BE90-4DBB-ABED-C411D9D6309D}.Release|x64.ActiveCfg = Release|x64
		{AD3A3406-BE90-4DBB-ABED-C411D9D6309D}.Release|x64.Build.0 = Release|x64
		{AD3A3406-BE90-4DBB-ABED-C411D9D6309D}.Release|x86.ActiveCfg = Release|Win32
		{AD3A3406-BE90-4DBB-ABED-C411D9D6309D}.Release|x86.Build.0 = Release|Win32
		{AD3A3406-BE90-4DBB-ABED-C411D9D6309D}.Second_Release_PowerShell|Any CPU.ActiveCfg = Release|x64
		{AD3A3406-BE90-4DBB-ABED-C411D9D6309D}.Second_Release_PowerShell|Any CPU.Build.0 = Release|x64
		{AD3A3406-BE90-4DBB-ABED-C411D9D6309D}.Second_Release_PowerShell|ARM64.ActiveCfg = Release|x64
		{AD3A3406-BE90-4DBB-ABED-C411D9D6309D}.Second_Release_PowerShell|ARM64.Build.0 = Release|x64
		{AD3A3406-BE90-4DBB-ABED-C411D9D6309D}.Second_Release_PowerShell|x64.ActiveCfg = Release|x64
		{AD3A3406-BE90-4DBB-ABED-C411D9D6309D}.Second_Release_PowerShell|x64.Build.0 = Release|x64
		{AD3A3406-BE90-4DBB-ABED-C411D9D6309D}.Second_Release_PowerShell|x86.ActiveCfg = Release|Win32
		{AD3A3406-BE90-4DBB-ABED-C411D9D6309D}.Second_Release_PowerShell|x86.Build.0 = Release|Win32
		{AD3A3406-BE90-4DBB-ABED-C411D9D6309D}.Simple_DLL|Any CPU.ActiveCfg = Release|x64
		{AD3A3406-BE90-4DBB-ABED-C411D9D6309D}.Simple_DLL|Any CPU.Build.0 = Release|x64
		{AD3A3406-BE90-4DBB-ABED-C411D9D6309D}.Simple_DLL|ARM64.ActiveCfg = Release|x64
		{AD3A3406-BE90-4DBB-ABED-C411D9D6309D}.Simple_DLL|ARM64.Build.0 = Release|x64
		{AD3A3406-BE90-4DBB-ABED-C411D9D6309D}.Simple_DLL|x64.ActiveCfg = Release|x64
		{AD3A3406-BE90-4DBB-ABED-C411D9D6309D}.Simple_DLL|x64.Build.0 = Release|x64
		{AD3A3406-BE90-4DBB-ABED-C411D9D6309D}.Simple_DLL|x86.ActiveCfg = Release|Win32
		{AD3A3406-BE90-4DBB-ABED-C411D9D6309D}.Simple_DLL|x86.Build.0 = Release|Win32
		{A649ACA4-BCD2-49D8-867E-0D80F185B459}.Debug|Any CPU.ActiveCfg = Debug|Any CPU
		{A649ACA4-BCD2-49D8-867E-0D80F185B459}.Debug|Any CPU.Build.0 = Debug|Any CPU
		{A649ACA4-BCD2-49D8-867E-0D80F185B459}.Debug|ARM64.ActiveCfg = Debug|Any CPU
		{A649ACA4-BCD2-49D8-867E-0D80F185B459}.Debug|ARM64.Build.0 = Debug|Any CPU
		{A649ACA4-BCD2-49D8-867E-0D80F185B459}.Debug|x64.ActiveCfg = Debug|Any CPU
		{A649ACA4-BCD2-49D8-867E-0D80F185B459}.Debug|x64.Build.0 = Debug|Any CPU
		{A649ACA4-BCD2-49D8-867E-0D80F185B459}.Debug|x86.ActiveCfg = Debug|Any CPU
		{A649ACA4-BCD2-49D8-867E-0D80F185B459}.Debug|x86.Build.0 = Debug|Any CPU
		{A649ACA4-BCD2-49D8-867E-0D80F185B459}.Release|Any CPU.ActiveCfg = Release|Any CPU
		{A649ACA4-BCD2-49D8-867E-0D80F185B459}.Release|Any CPU.Build.0 = Release|Any CPU
		{A649ACA4-BCD2-49D8-867E-0D80F185B459}.Release|ARM64.ActiveCfg = Release|Any CPU
		{A649ACA4-BCD2-49D8-867E-0D80F185B459}.Release|ARM64.Build.0 = Release|Any CPU
		{A649ACA4-BCD2-49D8-867E-0D80F185B459}.Release|x64.ActiveCfg = Release|Any CPU
		{A649ACA4-BCD2-49D8-867E-0D80F185B459}.Release|x64.Build.0 = Release|Any CPU
		{A649ACA4-BCD2-49D8-867E-0D80F185B459}.Release|x86.ActiveCfg = Release|Any CPU
		{A649ACA4-BCD2-49D8-867E-0D80F185B459}.Release|x86.Build.0 = Release|Any CPU
		{A649ACA4-BCD2-49D8-867E-0D80F185B459}.Second_Release_PowerShell|Any CPU.ActiveCfg = Release|Any CPU
		{A649ACA4-BCD2-49D8-867E-0D80F185B459}.Second_Release_PowerShell|Any CPU.Build.0 = Release|Any CPU
		{A649ACA4-BCD2-49D8-867E-0D80F185B459}.Second_Release_PowerShell|ARM64.ActiveCfg = Release|Any CPU
		{A649ACA4-BCD2-49D8-867E-0D80F185B459}.Second_Release_PowerShell|ARM64.Build.0 = Release|Any CPU
		{A649ACA4-BCD2-49D8-867E-0D80F185B459}.Second_Release_PowerShell|x64.ActiveCfg = Release|Any CPU
		{A649ACA4-BCD2-49D8-867E-0D80F185B459}.Second_Release_PowerShell|x64.Build.0 = Release|Any CPU
		{A649ACA4-BCD2-49D8-867E-0D80F185B459}.Second_Release_PowerShell|x86.ActiveCfg = Release|Any CPU
		{A649ACA4-BCD2-49D8-867E-0D80F185B459}.Second_Release_PowerShell|x86.Build.0 = Release|Any CPU
		{A649ACA4-BCD2-49D8-867E-0D80F185B459}.Simple_DLL|Any CPU.ActiveCfg = Debug|Any CPU
		{A649ACA4-BCD2-49D8-867E-0D80F185B459}.Simple_DLL|Any CPU.Build.0 = Debug|Any CPU
		{A649ACA4-BCD2-49D8-867E-0D80F185B459}.Simple_DLL|ARM64.ActiveCfg = Debug|Any CPU
		{A649ACA4-BCD2-49D8-867E-0D80F185B459}.Simple_DLL|ARM64.Build.0 = Debug|Any CPU
		{A649ACA4-BCD2-49D8-867E-0D80F185B459}.Simple_DLL|x64.ActiveCfg = Debug|Any CPU
		{A649ACA4-BCD2-49D8-867E-0D80F185B459}.Simple_DLL|x64.Build.0 = Debug|Any CPU
		{A649ACA4-BCD2-49D8-867E-0D80F185B459}.Simple_DLL|x86.ActiveCfg = Debug|Any CPU
		{A649ACA4-BCD2-49D8-867E-0D80F185B459}.Simple_DLL|x86.Build.0 = Debug|Any CPU
		{28E806E3-A3FE-4866-9AC4-22F6D1801B3E}.Debug|Any CPU.ActiveCfg = Debug|x64
		{28E806E3-A3FE-4866-9AC4-22F6D1801B3E}.Debug|Any CPU.Build.0 = Debug|x64
		{28E806E3-A3FE-4866-9AC4-22F6D1801B3E}.Debug|ARM64.ActiveCfg = Debug|x64
		{28E806E3-A3FE-4866-9AC4-22F6D1801B3E}.Debug|ARM64.Build.0 = Debug|x64
		{28E806E3-A3FE-4866-9AC4-22F6D1801B3E}.Debug|x64.ActiveCfg = Debug|x64
		{28E806E3-A3FE-4866-9AC4-22F6D1801B3E}.Debug|x64.Build.0 = Debug|x64
		{28E806E3-A3FE-4866-9AC4-22F6D1801B3E}.Debug|x86.ActiveCfg = Debug|Win32
		{28E806E3-A3FE-4866-9AC4-22F6D1801B3E}.Debug|x86.Build.0 = Debug|Win32
		{28E806E3-A3FE-4866-9AC4-22F6D1801B3E}.Release|Any CPU.ActiveCfg = Release|x64
		{28E806E3-A3FE-4866-9AC4-22F6D1801B3E}.Release|Any CPU.Build.0 = Release|x64
		{28E806E3-A3FE-4866-9AC4-22F6D1801B3E}.Release|ARM64.ActiveCfg = Release|x64
		{28E806E3-A3FE-4866-9AC4-22F6D1801B3E}.Release|ARM64.Build.0 = Release|x64
		{28E806E3-A3FE-4866-9AC4-22F6D1801B3E}.Release|x64.ActiveCfg = Release|x64
		{28E806E3-A3FE-4866-9AC4-22F6D1801B3E}.Release|x64.Build.0 = Release|x64
		{28E806E3-A3FE-4866-9AC4-22F6D1801B3E}.Release|x86.ActiveCfg = Release|Win32
		{28E806E3-A3FE-4866-9AC4-22F6D1801B3E}.Release|x86.Build.0 = Release|Win32
		{28E806E3-A3FE-4866-9AC4-22F6D1801B3E}.Second_Release_PowerShell|Any CPU.ActiveCfg = Release|x64
		{28E806E3-A3FE-4866-9AC4-22F6D1801B3E}.Second_Release_PowerShell|Any CPU.Build.0 = Release|x64
		{28E806E3-A3FE-4866-9AC4-22F6D1801B3E}.Second_Release_PowerShell|ARM64.ActiveCfg = Release|x64
		{28E806E3-A3FE-4866-9AC4-22F6D1801B3E}.Second_Release_PowerShell|ARM64.Build.0 = Release|x64
		{28E806E3-A3FE-4866-9AC4-22F6D1801B3E}.Second_Release_PowerShell|x64.ActiveCfg = Release|x64
		{28E806E3-A3FE-4866-9AC4-22F6D1801B3E}.Second_Release_PowerShell|x64.Build.0 = Release|x64
		{28E806E3-A3FE-4866-9AC4-22F6D1801B3E}.Second_Release_PowerShell|x86.ActiveCfg = Release|Win32
		{28E806E3-A3FE-4866-9AC4-22F6D1801B3E}.Second_Release_PowerShell|x86.Build.0 = Release|Win32
		{28E806E3-A3FE-4866-9AC4-22F6D1801B3E}.Simple_DLL|Any CPU.ActiveCfg = Debug|x64
		{28E806E3-A3FE-4866-9AC4-22F6D1801B3E}.Simple_DLL|Any CPU.Build.0 = Debug|x64
		{28E806E3-A3FE-4866-9AC4-22F6D1801B3E}.Simple_DLL|ARM64.ActiveCfg = Debug|x64
		{28E806E3-A3FE-4866-9AC4-22F6D1801B3E}.Simple_DLL|ARM64.Build.0 = Debug|x64
		{28E806E3-A3FE-4866-9AC4-22F6D1801B3E}.Simple_DLL|x64.ActiveCfg = Debug|x64
		{28E806E3-A3FE-4866-9AC4-22F6D1801B3E}.Simple_DLL|x64.Build.0 = Debug|x64
		{28E806E3-A3FE-4866-9AC4-22F6D1801B3E}.Simple_DLL|x86.ActiveCfg = Debug|Win32
		{28E806E3-A3FE-4866-9AC4-22F6D1801B3E}.Simple_DLL|x86.Build.0 = Debug|Win32
		{A1852141-A270-4399-8674-9634D43776EA}.Debug|Any CPU.ActiveCfg = Debug|x64
		{A1852141-A270-4399-8674-9634D43776EA}.Debug|Any CPU.Build.0 = Debug|x64
		{A1852141-A270-4399-8674-9634D43776EA}.Debug|ARM64.ActiveCfg = Debug|x64
		{A1852141-A270-4399-8674-9634D43776EA}.Debug|ARM64.Build.0 = Debug|x64
		{A1852141-A270-4399-8674-9634D43776EA}.Debug|x64.ActiveCfg = Debug|x64
		{A1852141-A270-4399-8674-9634D43776EA}.Debug|x64.Build.0 = Debug|x64
		{A1852141-A270-4399-8674-9634D43776EA}.Debug|x86.ActiveCfg = Debug|Win32
		{A1852141-A270-4399-8674-9634D43776EA}.Debug|x86.Build.0 = Debug|Win32
		{A1852141-A270-4399-8674-9634D43776EA}.Release|Any CPU.ActiveCfg = Release|x64
		{A1852141-A270-4399-8674-9634D43776EA}.Release|Any CPU.Build.0 = Release|x64
		{A1852141-A270-4399-8674-9634D43776EA}.Release|ARM64.ActiveCfg = Release|x64
		{A1852141-A270-4399-8674-9634D43776EA}.Release|ARM64.Build.0 = Release|x64
		{A1852141-A270-4399-8674-9634D43776EA}.Release|x64.ActiveCfg = Release|x64
		{A1852141-A270-4399-8674-9634D43776EA}.Release|x64.Build.0 = Release|x64
		{A1852141-A270-4399-8674-9634D43776EA}.Release|x86.ActiveCfg = Release|Win32
		{A1852141-A270-4399-8674-9634D43776EA}.Release|x86.Build.0 = Release|Win32
		{A1852141-A270-4399-8674-9634D43776EA}.Second_Release_PowerShell|Any CPU.ActiveCfg = Release|x64
		{A1852141-A270-4399-8674-9634D43776EA}.Second_Release_PowerShell|Any CPU.Build.0 = Release|x64
		{A1852141-A270-4399-8674-9634D43776EA}.Second_Release_PowerShell|ARM64.ActiveCfg = Release|x64
		{A1852141-A270-4399-8674-9634D43776EA}.Second_Release_PowerShell|ARM64.Build.0 = Release|x64
		{A1852141-A270-4399-8674-9634D43776EA}.Second_Release_PowerShell|x64.ActiveCfg = Release|x64
		{A1852141-A270-4399-8674-9634D43776EA}.Second_Release_PowerShell|x64.Build.0 = Release|x64
		{A1852141-A270-4399-8674-9634D43776EA}.Second_Release_PowerShell|x86.ActiveCfg = Release|Win32
		{A1852141-A270-4399-8674-9634D43776EA}.Second_Release_PowerShell|x86.Build.0 = Release|Win32
		{A1852141-A270-4399-8674-9634D43776EA}.Simple_DLL|Any CPU.ActiveCfg = Debug|x64
		{A1852141-A270-4399-8674-9634D43776EA}.Simple_DLL|Any CPU.Build.0 = Debug|x64
		{A1852141-A270-4399-8674-9634D43776EA}.Simple_DLL|ARM64.ActiveCfg = Debug|x64
		{A1852141-A270-4399-8674-9634D43776EA}.Simple_DLL|ARM64.Build.0 = Debug|x64
		{A1852141-A270-4399-8674-9634D43776EA}.Simple_DLL|x64.ActiveCfg = Debug|x64
		{A1852141-A270-4399-8674-9634D43776EA}.Simple_DLL|x64.Build.0 = Debug|x64
		{A1852141-A270-4399-8674-9634D43776EA}.Simple_DLL|x86.ActiveCfg = Debug|Win32
		{A1852141-A270-4399-8674-9634D43776EA}.Simple_DLL|x86.Build.0 = Debug|Win32
		{9FB99F44-D9F5-4324-812F-353400349160}.Debug|Any CPU.ActiveCfg = Debug|x64
		{9FB99F44-D9F5-4324-812F-353400349160}.Debug|Any CPU.Build.0 = Debug|x64
		{9FB99F44-D9F5-4324-812F-353400349160}.Debug|ARM64.ActiveCfg = Debug|x64
		{9FB99F44-D9F5-4324-812F-353400349160}.Debug|ARM64.Build.0 = Debug|x64
		{9FB99F44-D9F5-4324-812F-353400349160}.Debug|x64.ActiveCfg = Debug|x64
		{9FB99F44-D9F5-4324-812F-353400349160}.Debug|x64.Build.0 = Debug|x64
		{9FB99F44-D9F5-4324-812F-353400349160}.Debug|x86.ActiveCfg = Debug|Win32
		{9FB99F44-D9F5-4324-812F-353400349160}.Debug|x86.Build.0 = Debug|Win32
		{9FB99F44-D9F5-4324-812F-353400349160}.Release|Any CPU.ActiveCfg = Release|x64
		{9FB99F44-D9F5-4324-812F-353400349160}.Release|Any CPU.Build.0 = Release|x64
		{9FB99F44-D9F5-4324-812F-353400349160}.Release|ARM64.ActiveCfg = Release|x64
		{9FB99F44-D9F5-4324-812F-353400349160}.Release|ARM64.Build.0 = Release|x64
		{9FB99F44-D9F5-4324-812F-353400349160}.Release|x64.ActiveCfg = Release|x64
		{9FB99F44-D9F5-4324-812F-353400349160}.Release|x64.Build.0 = Release|x64
		{9FB99F44-D9F5-4324-812F-353400349160}.Release|x86.ActiveCfg = Release|Win32
		{9FB99F44-D9F5-4324-812F-353400349160}.Release|x86.Build.0 = Release|Win32
		{9FB99F44-D9F5-4324-812F-353400349160}.Second_Release_PowerShell|Any CPU.ActiveCfg = Release|x64
		{9FB99F44-D9F5-4324-812F-353400349160}.Second_Release_PowerShell|Any CPU.Build.0 = Release|x64
		{9FB99F44-D9F5-4324-812F-353400349160}.Second_Release_PowerShell|ARM64.ActiveCfg = Release|x64
		{9FB99F44-D9F5-4324-812F-353400349160}.Second_Release_PowerShell|ARM64.Build.0 = Release|x64
		{9FB99F44-D9F5-4324-812F-353400349160}.Second_Release_PowerShell|x64.ActiveCfg = Release|x64
		{9FB99F44-D9F5-4324-812F-353400349160}.Second_Release_PowerShell|x64.Build.0 = Release|x64
		{9FB99F44-D9F5-4324-812F-353400349160}.Second_Release_PowerShell|x86.ActiveCfg = Release|Win32
		{9FB99F44-D9F5-4324-812F-353400349160}.Second_Release_PowerShell|x86.Build.0 = Release|Win32
		{9FB99F44-D9F5-4324-812F-353400349160}.Simple_DLL|Any CPU.ActiveCfg = Debug|x64
		{9FB99F44-D9F5-4324-812F-353400349160}.Simple_DLL|Any CPU.Build.0 = Debug|x64
		{9FB99F44-D9F5-4324-812F-353400349160}.Simple_DLL|ARM64.ActiveCfg = Debug|x64
		{9FB99F44-D9F5-4324-812F-353400349160}.Simple_DLL|ARM64.Build.0 = Debug|x64
		{9FB99F44-D9F5-4324-812F-353400349160}.Simple_DLL|x64.ActiveCfg = Debug|x64
		{9FB99F44-D9F5-4324-812F-353400349160}.Simple_DLL|x64.Build.0 = Debug|x64
		{9FB99F44-D9F5-4324-812F-353400349160}.Simple_DLL|x86.ActiveCfg = Debug|Win32
		{9FB99F44-D9F5-4324-812F-353400349160}.Simple_DLL|x86.Build.0 = Debug|Win32
		{D1C3F27A-DEE1-4B29-A765-1FC9F4C55617}.Debug|Any CPU.ActiveCfg = Debug|x64
		{D1C3F27A-DEE1-4B29-A765-1FC9F4C55617}.Debug|Any CPU.Build.0 = Debug|x64
		{D1C3F27A-DEE1-4B29-A765-1FC9F4C55617}.Debug|ARM64.ActiveCfg = Debug|x64
		{D1C3F27A-DEE1-4B29-A765-1FC9F4C55617}.Debug|ARM64.Build.0 = Debug|x64
		{D1C3F27A-DEE1-4B29-A765-1FC9F4C55617}.Debug|x64.ActiveCfg = Debug|x64
		{D1C3F27A-DEE1-4B29-A765-1FC9F4C55617}.Debug|x64.Build.0 = Debug|x64
		{D1C3F27A-DEE1-4B29-A765-1FC9F4C55617}.Debug|x86.ActiveCfg = Debug|Win32
		{D1C3F27A-DEE1-4B29-A765-1FC9F4C55617}.Debug|x86.Build.0 = Debug|Win32
		{D1C3F27A-DEE1-4B29-A765-1FC9F4C55617}.Release|Any CPU.ActiveCfg = Release|x64
		{D1C3F27A-DEE1-4B29-A765-1FC9F4C55617}.Release|Any CPU.Build.0 = Release|x64
		{D1C3F27A-DEE1-4B29-A765-1FC9F4C55617}.Release|ARM64.ActiveCfg = Release|x64
		{D1C3F27A-DEE1-4B29-A765-1FC9F4C55617}.Release|ARM64.Build.0 = Release|x64
		{D1C3F27A-DEE1-4B29-A765-1FC9F4C55617}.Release|x64.ActiveCfg = Release|x64
		{D1C3F27A-DEE1-4B29-A765-1FC9F4C55617}.Release|x64.Build.0 = Release|x64
		{D1C3F27A-DEE1-4B29-A765-1FC9F4C55617}.Release|x86.ActiveCfg = Release|Win32
		{D1C3F27A-DEE1-4B29-A765-1FC9F4C55617}.Release|x86.Build.0 = Release|Win32
		{D1C3F27A-DEE1-4B29-A765-1FC9F4C55617}.Second_Release_PowerShell|Any CPU.ActiveCfg = Release|x64
		{D1C3F27A-DEE1-4B29-A765-1FC9F4C55617}.Second_Release_PowerShell|Any CPU.Build.0 = Release|x64
		{D1C3F27A-DEE1-4B29-A765-1FC9F4C55617}.Second_Release_PowerShell|ARM64.ActiveCfg = Release|x64
		{D1C3F27A-DEE1-4B29-A765-1FC9F4C55617}.Second_Release_PowerShell|ARM64.Build.0 = Release|x64
		{D1C3F27A-DEE1-4B29-A765-1FC9F4C55617}.Second_Release_PowerShell|x64.ActiveCfg = Release|x64
		{D1C3F27A-DEE1-4B29-A765-1FC9F4C55617}.Second_Release_PowerShell|x64.Build.0 = Release|x64
		{D1C3F27A-DEE1-4B29-A765-1FC9F4C55617}.Second_Release_PowerShell|x86.ActiveCfg = Release|Win32
		{D1C3F27A-DEE1-4B29-A765-1FC9F4C55617}.Second_Release_PowerShell|x86.Build.0 = Release|Win32
		{D1C3F27A-DEE1-4B29-A765-1FC9F4C55617}.Simple_DLL|Any CPU.ActiveCfg = Debug|x64
		{D1C3F27A-DEE1-4B29-A765-1FC9F4C55617}.Simple_DLL|Any CPU.Build.0 = Debug|x64
		{D1C3F27A-DEE1-4B29-A765-1FC9F4C55617}.Simple_DLL|ARM64.ActiveCfg = Debug|x64
		{D1C3F27A-DEE1-4B29-A765-1FC9F4C55617}.Simple_DLL|ARM64.Build.0 = Debug|x64
		{D1C3F27A-DEE1-4B29-A765-1FC9F4C55617}.Simple_DLL|x64.ActiveCfg = Debug|x64
		{D1C3F27A-DEE1-4B29-A765-1FC9F4C55617}.Simple_DLL|x64.Build.0 = Debug|x64
		{D1C3F27A-DEE1-4B29-A765-1FC9F4C55617}.Simple_DLL|x86.ActiveCfg = Debug|Win32
		{D1C3F27A-DEE1-4B29-A765-1FC9F4C55617}.Simple_DLL|x86.Build.0 = Debug|Win32
	EndGlobalSection
	GlobalSection(SolutionProperties) = preSolution
		HideSolutionNode = FALSE
	EndGlobalSection
	GlobalSection(ExtensibilityGlobals) = postSolution
		SolutionGuid = {71274344-8593-4799-8D88-124EFB997158}
	EndGlobalSection
EndGlobal
